{
	"name": "test-lerna-core",
	"version": "0.0.0",
	"lockfileVersion": 1,
	"requires": true,
	"dependencies": {
		"lodash": {
			"version": "4.17.21",
			"resolved": "https://registry.nlark.com/lodash/download/lodash-4.17.21.tgz?cache=0&sync_timestamp=1618847150612&other_urls=https%3A%2F%2Fregistry.nlark.com%2Flodash%2Fdownload%2Flodash-4.17.21.tgz",
			"integrity": "sha1-Z5WRxWTDv/quhFTPCz3zcMPWkRw="
		},
		"underscore": {
			"version": "1.13.1",
			"resolved": "https://registry.npm.taobao.org/underscore/download/underscore-1.13.1.tgz",
			"integrity": "sha1-DBxr0t9UtrafIxQGbWW2zeb8+dE="
		}
	}
}
